// !$*UTF8*$!
{
	archiveVersion = 1;
	classes = {
	};
	objectVersion = 51;
	objects = {

/* Begin PBXBuildFile section */
		112EAEE899C98A9283944062 /* Pods_instagram.framework in Frameworks */ = {isa = PBXBuildFile; fileRef = 1832DD2CD98A61595D71AA28 /* Pods_instagram.framework */; };
		3E47093C23D93353001F4436 /* AppView.swift in Sources */ = {isa = PBXBuildFile; fileRef = 3E47093B23D93353001F4436 /* AppView.swift */; };
		3E47093E23D935D0001F4436 /* NewPostView.swift in Sources */ = {isa = PBXBuildFile; fileRef = 3E47093D23D935D0001F4436 /* NewPostView.swift */; };
		3E55CF8F23DB7A29005437A6 /* ImagePicker.swift in Sources */ = {isa = PBXBuildFile; fileRef = 3E55CF8E23DB7A29005437A6 /* ImagePicker.swift */; };
		3E55CF9123DB7D6A005437A6 /* GoogleService-Info.plist in Resources */ = {isa = PBXBuildFile; fileRef = 3E55CF9023DB7D6A005437A6 /* GoogleService-Info.plist */; };
		3ECB29BA23D2517600C70851 /* FirebaseSession.swift in Sources */ = {isa = PBXBuildFile; fileRef = 3ECB29B923D2517600C70851 /* FirebaseSession.swift */; };
		599D744E87CBF1727D2B094B /* Pods_instagramTests.framework in Frameworks */ = {isa = PBXBuildFile; fileRef = 056A324A19FB61FB493CF3BA /* Pods_instagramTests.framework */; };
		8D83BC554014ECA9E36E5737 /* Pods_instagram_instagramUITests.framework in Frameworks */ = {isa = PBXBuildFile; fileRef = 8365ED1726B9273E0ADD2FCA /* Pods_instagram_instagramUITests.framework */; };
		E84C6F17237E491E00698A7E /* AppDelegate.swift in Sources */ = {isa = PBXBuildFile; fileRef = E84C6F16237E491E00698A7E /* AppDelegate.swift */; };
		E84C6F19237E491E00698A7E /* SceneDelegate.swift in Sources */ = {isa = PBXBuildFile; fileRef = E84C6F18237E491E00698A7E /* SceneDelegate.swift */; };
		E84C6F1B237E491E00698A7E /* ContentView.swift in Sources */ = {isa = PBXBuildFile; fileRef = E84C6F1A237E491E00698A7E /* ContentView.swift */; };
		E84C6F1D237E492000698A7E /* Assets.xcassets in Resources */ = {isa = PBXBuildFile; fileRef = E84C6F1C237E492000698A7E /* Assets.xcassets */; };
		E84C6F20237E492000698A7E /* Preview Assets.xcassets in Resources */ = {isa = PBXBuildFile; fileRef = E84C6F1F237E492000698A7E /* Preview Assets.xcassets */; };
		E84C6F23237E492000698A7E /* LaunchScreen.storyboard in Resources */ = {isa = PBXBuildFile; fileRef = E84C6F21237E492000698A7E /* LaunchScreen.storyboard */; };
		E84C6F2E237E492000698A7E /* instagramTests.swift in Sources */ = {isa = PBXBuildFile; fileRef = E84C6F2D237E492000698A7E /* instagramTests.swift */; };
		E84C6F39237E492000698A7E /* instagramUITests.swift in Sources */ = {isa = PBXBuildFile; fileRef = E84C6F38237E492000698A7E /* instagramUITests.swift */; };
		E8A70F5D2395F82800A0947A /* PostView.swift in Sources */ = {isa = PBXBuildFile; fileRef = E8A70F5C2395F82800A0947A /* PostView.swift */; };
		E8A70F602396086000A0947A /* Post.swift in Sources */ = {isa = PBXBuildFile; fileRef = E8A70F5F2396086000A0947A /* Post.swift */; };
/* End PBXBuildFile section */

/* Begin PBXContainerItemProxy section */
		E84C6F2A237E492000698A7E /* PBXContainerItemProxy */ = {
			isa = PBXContainerItemProxy;
			containerPortal = E84C6F0B237E491E00698A7E /* Project object */;
			proxyType = 1;
			remoteGlobalIDString = E84C6F12237E491E00698A7E;
			remoteInfo = instagram;
		};
		E84C6F35237E492000698A7E /* PBXContainerItemProxy */ = {
			isa = PBXContainerItemProxy;
			containerPortal = E84C6F0B237E491E00698A7E /* Project object */;
			proxyType = 1;
			remoteGlobalIDString = E84C6F12237E491E00698A7E;
			remoteInfo = instagram;
		};
/* End PBXContainerItemProxy section */

/* Begin PBXFileReference section */
		056A324A19FB61FB493CF3BA /* Pods_instagramTests.framework */ = {isa = PBXFileReference; explicitFileType = wrapper.framework; includeInIndex = 0; path = Pods_instagramTests.framework; sourceTree = BUILT_PRODUCTS_DIR; };
		10ECA7BD2824593DFCFE6087 /* Pods-instagramTests.release.xcconfig */ = {isa = PBXFileReference; includeInIndex = 1; lastKnownFileType = text.xcconfig; name = "Pods-instagramTests.release.xcconfig"; path = "Target Support Files/Pods-instagramTests/Pods-instagramTests.release.xcconfig"; sourceTree = "<group>"; };
		12727E6717ECD6DE03464D4A /* Pods-instagram-instagramUITests.debug.xcconfig */ = {isa = PBXFileReference; includeInIndex = 1; lastKnownFileType = text.xcconfig; name = "Pods-instagram-instagramUITests.debug.xcconfig"; path = "Target Support Files/Pods-instagram-instagramUITests/Pods-instagram-instagramUITests.debug.xcconfig"; sourceTree = "<group>"; };
		1832DD2CD98A61595D71AA28 /* Pods_instagram.framework */ = {isa = PBXFileReference; explicitFileType = wrapper.framework; includeInIndex = 0; path = Pods_instagram.framework; sourceTree = BUILT_PRODUCTS_DIR; };
		3E47093B23D93353001F4436 /* AppView.swift */ = {isa = PBXFileReference; lastKnownFileType = sourcecode.swift; path = AppView.swift; sourceTree = "<group>"; };
		3E47093D23D935D0001F4436 /* NewPostView.swift */ = {isa = PBXFileReference; lastKnownFileType = sourcecode.swift; path = NewPostView.swift; sourceTree = "<group>"; };
		3E55CF8E23DB7A29005437A6 /* ImagePicker.swift */ = {isa = PBXFileReference; lastKnownFileType = sourcecode.swift; path = ImagePicker.swift; sourceTree = "<group>"; };
		3E55CF9023DB7D6A005437A6 /* GoogleService-Info.plist */ = {isa = PBXFileReference; fileEncoding = 4; lastKnownFileType = text.plist.xml; path = "GoogleService-Info.plist"; sourceTree = "<group>"; };
		3ECB29B923D2517600C70851 /* FirebaseSession.swift */ = {isa = PBXFileReference; lastKnownFileType = sourcecode.swift; path = FirebaseSession.swift; sourceTree = "<group>"; };
		8365ED1726B9273E0ADD2FCA /* Pods_instagram_instagramUITests.framework */ = {isa = PBXFileReference; explicitFileType = wrapper.framework; includeInIndex = 0; path = Pods_instagram_instagramUITests.framework; sourceTree = BUILT_PRODUCTS_DIR; };
		91D2E11E4C4150A7760771CD /* Pods-instagram.debug.xcconfig */ = {isa = PBXFileReference; includeInIndex = 1; lastKnownFileType = text.xcconfig; name = "Pods-instagram.debug.xcconfig"; path = "Target Support Files/Pods-instagram/Pods-instagram.debug.xcconfig"; sourceTree = "<group>"; };
		A91580C541A1045B16FF5BFC /* Pods-instagram.release.xcconfig */ = {isa = PBXFileReference; includeInIndex = 1; lastKnownFileType = text.xcconfig; name = "Pods-instagram.release.xcconfig"; path = "Target Support Files/Pods-instagram/Pods-instagram.release.xcconfig"; sourceTree = "<group>"; };
		ADCB2A4194855AC602ACB9BE /* Pods-instagramTests.debug.xcconfig */ = {isa = PBXFileReference; includeInIndex = 1; lastKnownFileType = text.xcconfig; name = "Pods-instagramTests.debug.xcconfig"; path = "Target Support Files/Pods-instagramTests/Pods-instagramTests.debug.xcconfig"; sourceTree = "<group>"; };
		AF05CEF8F83166CDBCAF1942 /* Pods-instagram-instagramUITests.release.xcconfig */ = {isa = PBXFileReference; includeInIndex = 1; lastKnownFileType = text.xcconfig; name = "Pods-instagram-instagramUITests.release.xcconfig"; path = "Target Support Files/Pods-instagram-instagramUITests/Pods-instagram-instagramUITests.release.xcconfig"; sourceTree = "<group>"; };
		E84C6F13237E491E00698A7E /* instagram.app */ = {isa = PBXFileReference; explicitFileType = wrapper.application; includeInIndex = 0; path = instagram.app; sourceTree = BUILT_PRODUCTS_DIR; };
		E84C6F16237E491E00698A7E /* AppDelegate.swift */ = {isa = PBXFileReference; lastKnownFileType = sourcecode.swift; path = AppDelegate.swift; sourceTree = "<group>"; };
		E84C6F18237E491E00698A7E /* SceneDelegate.swift */ = {isa = PBXFileReference; lastKnownFileType = sourcecode.swift; path = SceneDelegate.swift; sourceTree = "<group>"; };
		E84C6F1A237E491E00698A7E /* ContentView.swift */ = {isa = PBXFileReference; lastKnownFileType = sourcecode.swift; path = ContentView.swift; sourceTree = "<group>"; };
		E84C6F1C237E492000698A7E /* Assets.xcassets */ = {isa = PBXFileReference; lastKnownFileType = folder.assetcatalog; path = Assets.xcassets; sourceTree = "<group>"; };
		E84C6F1F237E492000698A7E /* Preview Assets.xcassets */ = {isa = PBXFileReference; lastKnownFileType = folder.assetcatalog; path = "Preview Assets.xcassets"; sourceTree = "<group>"; };
		E84C6F22237E492000698A7E /* Base */ = {isa = PBXFileReference; lastKnownFileType = file.storyboard; name = Base; path = Base.lproj/LaunchScreen.storyboard; sourceTree = "<group>"; };
		E84C6F24237E492000698A7E /* Info.plist */ = {isa = PBXFileReference; lastKnownFileType = text.plist.xml; path = Info.plist; sourceTree = "<group>"; };
		E84C6F29237E492000698A7E /* instagramTests.xctest */ = {isa = PBXFileReference; explicitFileType = wrapper.cfbundle; includeInIndex = 0; path = instagramTests.xctest; sourceTree = BUILT_PRODUCTS_DIR; };
		E84C6F2D237E492000698A7E /* instagramTests.swift */ = {isa = PBXFileReference; lastKnownFileType = sourcecode.swift; path = instagramTests.swift; sourceTree = "<group>"; };
		E84C6F2F237E492000698A7E /* Info.plist */ = {isa = PBXFileReference; lastKnownFileType = text.plist.xml; path = Info.plist; sourceTree = "<group>"; };
		E84C6F34237E492000698A7E /* instagramUITests.xctest */ = {isa = PBXFileReference; explicitFileType = wrapper.cfbundle; includeInIndex = 0; path = instagramUITests.xctest; sourceTree = BUILT_PRODUCTS_DIR; };
		E84C6F38237E492000698A7E /* instagramUITests.swift */ = {isa = PBXFileReference; lastKnownFileType = sourcecode.swift; path = instagramUITests.swift; sourceTree = "<group>"; };
		E84C6F3A237E492000698A7E /* Info.plist */ = {isa = PBXFileReference; lastKnownFileType = text.plist.xml; path = Info.plist; sourceTree = "<group>"; };
		E8A70F5C2395F82800A0947A /* PostView.swift */ = {isa = PBXFileReference; lastKnownFileType = sourcecode.swift; path = PostView.swift; sourceTree = "<group>"; };
		E8A70F5F2396086000A0947A /* Post.swift */ = {isa = PBXFileReference; lastKnownFileType = sourcecode.swift; path = Post.swift; sourceTree = "<group>"; };
/* End PBXFileReference section */

/* Begin PBXFrameworksBuildPhase section */
		E84C6F10237E491E00698A7E /* Frameworks */ = {
			isa = PBXFrameworksBuildPhase;
			buildActionMask = 2147483647;
			files = (
				112EAEE899C98A9283944062 /* Pods_instagram.framework in Frameworks */,
			);
			runOnlyForDeploymentPostprocessing = 0;
		};
		E84C6F26237E492000698A7E /* Frameworks */ = {
			isa = PBXFrameworksBuildPhase;
			buildActionMask = 2147483647;
			files = (
				599D744E87CBF1727D2B094B /* Pods_instagramTests.framework in Frameworks */,
			);
			runOnlyForDeploymentPostprocessing = 0;
		};
		E84C6F31237E492000698A7E /* Frameworks */ = {
			isa = PBXFrameworksBuildPhase;
			buildActionMask = 2147483647;
			files = (
				8D83BC554014ECA9E36E5737 /* Pods_instagram_instagramUITests.framework in Frameworks */,
			);
			runOnlyForDeploymentPostprocessing = 0;
		};
/* End PBXFrameworksBuildPhase section */

/* Begin PBXGroup section */
		1977648E0F933D83BDAEC9E3 /* Frameworks */ = {
			isa = PBXGroup;
			children = (
				1832DD2CD98A61595D71AA28 /* Pods_instagram.framework */,
				8365ED1726B9273E0ADD2FCA /* Pods_instagram_instagramUITests.framework */,
				056A324A19FB61FB493CF3BA /* Pods_instagramTests.framework */,
			);
			name = Frameworks;
			sourceTree = "<group>";
		};
		3E55CF9223DB7D94005437A6 /* Views */ = {
			isa = PBXGroup;
			children = (
				E84C6F1A237E491E00698A7E /* ContentView.swift */,
				3E55CF8E23DB7A29005437A6 /* ImagePicker.swift */,
				E8A70F5C2395F82800A0947A /* PostView.swift */,
				3E47093B23D93353001F4436 /* AppView.swift */,
				3E47093D23D935D0001F4436 /* NewPostView.swift */,
			);
			path = Views;
			sourceTree = "<group>";
		};
		3ECB29B823D2516000C70851 /* Sessions */ = {
			isa = PBXGroup;
			children = (
				3ECB29B923D2517600C70851 /* FirebaseSession.swift */,
			);
			path = Sessions;
			sourceTree = "<group>";
		};
		E09567F48EF14EE4F7F996CE /* Pods */ = {
			isa = PBXGroup;
			children = (
				91D2E11E4C4150A7760771CD /* Pods-instagram.debug.xcconfig */,
				A91580C541A1045B16FF5BFC /* Pods-instagram.release.xcconfig */,
				12727E6717ECD6DE03464D4A /* Pods-instagram-instagramUITests.debug.xcconfig */,
				AF05CEF8F83166CDBCAF1942 /* Pods-instagram-instagramUITests.release.xcconfig */,
				ADCB2A4194855AC602ACB9BE /* Pods-instagramTests.debug.xcconfig */,
				10ECA7BD2824593DFCFE6087 /* Pods-instagramTests.release.xcconfig */,
			);
			path = Pods;
			sourceTree = "<group>";
		};
		E84C6F0A237E491E00698A7E = {
			isa = PBXGroup;
			children = (
				E84C6F15237E491E00698A7E /* instagram */,
				E84C6F2C237E492000698A7E /* instagramTests */,
				E84C6F37237E492000698A7E /* instagramUITests */,
				E84C6F14237E491E00698A7E /* Products */,
				E09567F48EF14EE4F7F996CE /* Pods */,
				1977648E0F933D83BDAEC9E3 /* Frameworks */,
			);
			sourceTree = "<group>";
		};
		E84C6F14237E491E00698A7E /* Products */ = {
			isa = PBXGroup;
			children = (
				E84C6F13237E491E00698A7E /* instagram.app */,
				E84C6F29237E492000698A7E /* instagramTests.xctest */,
				E84C6F34237E492000698A7E /* instagramUITests.xctest */,
			);
			name = Products;
			sourceTree = "<group>";
		};
		E84C6F15237E491E00698A7E /* instagram */ = {
			isa = PBXGroup;
			children = (
				3ECB29B823D2516000C70851 /* Sessions */,
				E8A70F5E2396084700A0947A /* Models */,
				E84C6F16237E491E00698A7E /* AppDelegate.swift */,
				3E55CF9223DB7D94005437A6 /* Views */,
				E84C6F18237E491E00698A7E /* SceneDelegate.swift */,
				E84C6F1C237E492000698A7E /* Assets.xcassets */,
				E84C6F21237E492000698A7E /* LaunchScreen.storyboard */,
				E84C6F24237E492000698A7E /* Info.plist */,
				3E55CF9023DB7D6A005437A6 /* GoogleService-Info.plist */,
				E84C6F1E237E492000698A7E /* Preview Content */,
			);
			path = instagram;
			sourceTree = "<group>";
		};
		E84C6F1E237E492000698A7E /* Preview Content */ = {
			isa = PBXGroup;
			children = (
				E84C6F1F237E492000698A7E /* Preview Assets.xcassets */,
			);
			path = "Preview Content";
			sourceTree = "<group>";
		};
		E84C6F2C237E492000698A7E /* instagramTests */ = {
			isa = PBXGroup;
			children = (
				E84C6F2D237E492000698A7E /* instagramTests.swift */,
				E84C6F2F237E492000698A7E /* Info.plist */,
			);
			path = instagramTests;
			sourceTree = "<group>";
		};
		E84C6F37237E492000698A7E /* instagramUITests */ = {
			isa = PBXGroup;
			children = (
				E84C6F38237E492000698A7E /* instagramUITests.swift */,
				E84C6F3A237E492000698A7E /* Info.plist */,
			);
			path = instagramUITests;
			sourceTree = "<group>";
		};
		E8A70F5E2396084700A0947A /* Models */ = {
			isa = PBXGroup;
			children = (
				E8A70F5F2396086000A0947A /* Post.swift */,
			);
			path = Models;
			sourceTree = "<group>";
		};
/* End PBXGroup section */

/* Begin PBXNativeTarget section */
		E84C6F12237E491E00698A7E /* instagram */ = {
			isa = PBXNativeTarget;
			buildConfigurationList = E84C6F3D237E492000698A7E /* Build configuration list for PBXNativeTarget "instagram" */;
			buildPhases = (
				C1FAC3277382C4078226BA4B /* [CP] Check Pods Manifest.lock */,
				E84C6F0F237E491E00698A7E /* Sources */,
				E84C6F10237E491E00698A7E /* Frameworks */,
				E84C6F11237E491E00698A7E /* Resources */,
				61EDDFF5F686D779BC943A8C /* [CP] Embed Pods Frameworks */,
			);
			buildRules = (
			);
			dependencies = (
			);
			name = instagram;
			productName = instagram;
			productReference = E84C6F13237E491E00698A7E /* instagram.app */;
			productType = "com.apple.product-type.application";
		};
		E84C6F28237E492000698A7E /* instagramTests */ = {
			isa = PBXNativeTarget;
			buildConfigurationList = E84C6F40237E492000698A7E /* Build configuration list for PBXNativeTarget "instagramTests" */;
			buildPhases = (
				A5B98EC426D00A25B598E8A5 /* [CP] Check Pods Manifest.lock */,
				E84C6F25237E492000698A7E /* Sources */,
				E84C6F26237E492000698A7E /* Frameworks */,
				E84C6F27237E492000698A7E /* Resources */,
			);
			buildRules = (
			);
			dependencies = (
				E84C6F2B237E492000698A7E /* PBXTargetDependency */,
			);
			name = instagramTests;
			productName = instagramTests;
			productReference = E84C6F29237E492000698A7E /* instagramTests.xctest */;
			productType = "com.apple.product-type.bundle.unit-test";
		};
		E84C6F33237E492000698A7E /* instagramUITests */ = {
			isa = PBXNativeTarget;
			buildConfigurationList = E84C6F43237E492000698A7E /* Build configuration list for PBXNativeTarget "instagramUITests" */;
			buildPhases = (
				FD94EEF0DCDE5D1AD875D3C4 /* [CP] Check Pods Manifest.lock */,
				E84C6F30237E492000698A7E /* Sources */,
				E84C6F31237E492000698A7E /* Frameworks */,
				E84C6F32237E492000698A7E /* Resources */,
				270299E2B29947E9547C78E8 /* [CP] Embed Pods Frameworks */,
			);
			buildRules = (
			);
			dependencies = (
				E84C6F36237E492000698A7E /* PBXTargetDependency */,
			);
			name = instagramUITests;
			productName = instagramUITests;
			productReference = E84C6F34237E492000698A7E /* instagramUITests.xctest */;
			productType = "com.apple.product-type.bundle.ui-testing";
		};
/* End PBXNativeTarget section */

/* Begin PBXProject section */
		E84C6F0B237E491E00698A7E /* Project object */ = {
			isa = PBXProject;
			attributes = {
				LastSwiftUpdateCheck = 1120;
				LastUpgradeCheck = 1120;
				ORGANIZATIONNAME = zerotoappstore;
				TargetAttributes = {
					E84C6F12237E491E00698A7E = {
						CreatedOnToolsVersion = 11.2;
					};
					E84C6F28237E492000698A7E = {
						CreatedOnToolsVersion = 11.2;
						TestTargetID = E84C6F12237E491E00698A7E;
					};
					E84C6F33237E492000698A7E = {
						CreatedOnToolsVersion = 11.2;
						TestTargetID = E84C6F12237E491E00698A7E;
					};
				};
			};
			buildConfigurationList = E84C6F0E237E491E00698A7E /* Build configuration list for PBXProject "instagram" */;
			compatibilityVersion = "Xcode 9.3";
			developmentRegion = en;
			hasScannedForEncodings = 0;
			knownRegions = (
				en,
				Base,
			);
			mainGroup = E84C6F0A237E491E00698A7E;
			productRefGroup = E84C6F14237E491E00698A7E /* Products */;
			projectDirPath = "";
			projectRoot = "";
			targets = (
				E84C6F12237E491E00698A7E /* instagram */,
				E84C6F28237E492000698A7E /* instagramTests */,
				E84C6F33237E492000698A7E /* instagramUITests */,
			);
		};
/* End PBXProject section */

/* Begin PBXResourcesBuildPhase section */
		E84C6F11237E491E00698A7E /* Resources */ = {
			isa = PBXResourcesBuildPhase;
			buildActionMask = 2147483647;
			files = (
				E84C6F23237E492000698A7E /* LaunchScreen.storyboard in Resources */,
				3E55CF9123DB7D6A005437A6 /* GoogleService-Info.plist in Resources */,
				E84C6F20237E492000698A7E /* Preview Assets.xcassets in Resources */,
				E84C6F1D237E492000698A7E /* Assets.xcassets in Resources */,
			);
			runOnlyForDeploymentPostprocessing = 0;
		};
		E84C6F27237E492000698A7E /* Resources */ = {
			isa = PBXResourcesBuildPhase;
			buildActionMask = 2147483647;
			files = (
			);
			runOnlyForDeploymentPostprocessing = 0;
		};
		E84C6F32237E492000698A7E /* Resources */ = {
			isa = PBXResourcesBuildPhase;
			buildActionMask = 2147483647;
			files = (
			);
			runOnlyForDeploymentPostprocessing = 0;
		};
/* End PBXResourcesBuildPhase section */

/* Begin PBXShellScriptBuildPhase section */
		270299E2B29947E9547C78E8 /* [CP] Embed Pods Frameworks */ = {
			isa = PBXShellScriptBuildPhase;
			buildActionMask = 2147483647;
			files = (
			);
			inputFileListPaths = (
				"${PODS_ROOT}/Target Support Files/Pods-instagram-instagramUITests/Pods-instagram-instagramUITests-frameworks-${CONFIGURATION}-input-files.xcfilelist",
			);
			name = "[CP] Embed Pods Frameworks";
			outputFileListPaths = (
				"${PODS_ROOT}/Target Support Files/Pods-instagram-instagramUITests/Pods-instagram-instagramUITests-frameworks-${CONFIGURATION}-output-files.xcfilelist",
			);
			runOnlyForDeploymentPostprocessing = 0;
			shellPath = /bin/sh;
			shellScript = "\"${PODS_ROOT}/Target Support Files/Pods-instagram-instagramUITests/Pods-instagram-instagramUITests-frameworks.sh\"\n";
			showEnvVarsInLog = 0;
		};
		61EDDFF5F686D779BC943A8C /* [CP] Embed Pods Frameworks */ = {
			isa = PBXShellScriptBuildPhase;
			buildActionMask = 2147483647;
			files = (
			);
			inputFileListPaths = (
				"${PODS_ROOT}/Target Support Files/Pods-instagram/Pods-instagram-frameworks-${CONFIGURATION}-input-files.xcfilelist",
			);
			name = "[CP] Embed Pods Frameworks";
			outputFileListPaths = (
				"${PODS_ROOT}/Target Support Files/Pods-instagram/Pods-instagram-frameworks-${CONFIGURATION}-output-files.xcfilelist",
			);
			runOnlyForDeploymentPostprocessing = 0;
			shellPath = /bin/sh;
			shellScript = "\"${PODS_ROOT}/Target Support Files/Pods-instagram/Pods-instagram-frameworks.sh\"\n";
			showEnvVarsInLog = 0;
		};
		A5B98EC426D00A25B598E8A5 /* [CP] Check Pods Manifest.lock */ = {
			isa = PBXShellScriptBuildPhase;
			buildActionMask = 2147483647;
			files = (
			);
			inputFileListPaths = (
			);
			inputPaths = (
				"${PODS_PODFILE_DIR_PATH}/Podfile.lock",
				"${PODS_ROOT}/Manifest.lock",
			);
			name = "[CP] Check Pods Manifest.lock";
			outputFileListPaths = (
			);
			outputPaths = (
				"$(DERIVED_FILE_DIR)/Pods-instagramTests-checkManifestLockResult.txt",
			);
			runOnlyForDeploymentPostprocessing = 0;
			shellPath = /bin/sh;
			shellScript = "diff \"${PODS_PODFILE_DIR_PATH}/Podfile.lock\" \"${PODS_ROOT}/Manifest.lock\" > /dev/null\nif [ $? != 0 ] ; then\n    # print error to STDERR\n    echo \"error: The sandbox is not in sync with the Podfile.lock. Run 'pod install' or update your CocoaPods installation.\" >&2\n    exit 1\nfi\n# This output is used by Xcode 'outputs' to avoid re-running this script phase.\necho \"SUCCESS\" > \"${SCRIPT_OUTPUT_FILE_0}\"\n";
			showEnvVarsInLog = 0;
		};
		C1FAC3277382C4078226BA4B /* [CP] Check Pods Manifest.lock */ = {
			isa = PBXShellScriptBuildPhase;
			buildActionMask = 2147483647;
			files = (
			);
			inputFileListPaths = (
			);
			inputPaths = (
				"${PODS_PODFILE_DIR_PATH}/Podfile.lock",
				"${PODS_ROOT}/Manifest.lock",
			);
			name = "[CP] Check Pods Manifest.lock";
			outputFileListPaths = (
			);
			outputPaths = (
				"$(DERIVED_FILE_DIR)/Pods-instagram-checkManifestLockResult.txt",
			);
			runOnlyForDeploymentPostprocessing = 0;
			shellPath = /bin/sh;
			shellScript = "diff \"${PODS_PODFILE_DIR_PATH}/Podfile.lock\" \"${PODS_ROOT}/Manifest.lock\" > /dev/null\nif [ $? != 0 ] ; then\n    # print error to STDERR\n    echo \"error: The sandbox is not in sync with the Podfile.lock. Run 'pod install' or update your CocoaPods installation.\" >&2\n    exit 1\nfi\n# This output is used by Xcode 'outputs' to avoid re-running this script phase.\necho \"SUCCESS\" > \"${SCRIPT_OUTPUT_FILE_0}\"\n";
			showEnvVarsInLog = 0;
		};
		FD94EEF0DCDE5D1AD875D3C4 /* [CP] Check Pods Manifest.lock */ = {
			isa = PBXShellScriptBuildPhase;
			buildActionMask = 2147483647;
			files = (
			);
			inputFileListPaths = (
			);
			inputPaths = (
				"${PODS_PODFILE_DIR_PATH}/Podfile.lock",
				"${PODS_ROOT}/Manifest.lock",
			);
			name = "[CP] Check Pods Manifest.lock";
			outputFileListPaths = (
			);
			outputPaths = (
				"$(DERIVED_FILE_DIR)/Pods-instagram-instagramUITests-checkManifestLockResult.txt",
			);
			runOnlyForDeploymentPostprocessing = 0;
			shellPath = /bin/sh;
			shellScript = "diff \"${PODS_PODFILE_DIR_PATH}/Podfile.lock\" \"${PODS_ROOT}/Manifest.lock\" > /dev/null\nif [ $? != 0 ] ; then\n    # print error to STDERR\n    echo \"error: The sandbox is not in sync with the Podfile.lock. Run 'pod install' or update your CocoaPods installation.\" >&2\n    exit 1\nfi\n# This output is used by Xcode 'outputs' to avoid re-running this script phase.\necho \"SUCCESS\" > \"${SCRIPT_OUTPUT_FILE_0}\"\n";
			showEnvVarsInLog = 0;
		};
/* End PBXShellScriptBuildPhase section */

/* Begin PBXSourcesBuildPhase section */
		E84C6F0F237E491E00698A7E /* Sources */ = {
			isa = PBXSourcesBuildPhase;
			buildActionMask = 2147483647;
			files = (
				3ECB29BA23D2517600C70851 /* FirebaseSession.swift in Sources */,
				E84C6F17237E491E00698A7E /* AppDelegate.swift in Sources */,
				E84C6F19237E491E00698A7E /* SceneDelegate.swift in Sources */,
				3E47093C23D93353001F4436 /* AppView.swift in Sources */,
				E8A70F5D2395F82800A0947A /* PostView.swift in Sources */,
				E84C6F1B237E491E00698A7E /* ContentView.swift in Sources */,
				E8A70F602396086000A0947A /* Post.swift in Sources */,
				3E55CF8F23DB7A29005437A6 /* ImagePicker.swift in Sources */,
				3E47093E23D935D0001F4436 /* NewPostView.swift in Sources */,
			);
			runOnlyForDeploymentPostprocessing = 0;
		};
		E84C6F25237E492000698A7E /* Sources */ = {
			isa = PBXSourcesBuildPhase;
			buildActionMask = 2147483647;
			files = (
				E84C6F2E237E492000698A7E /* instagramTests.swift in Sources */,
			);
			runOnlyForDeploymentPostprocessing = 0;
		};
		E84C6F30237E492000698A7E /* Sources */ = {
			isa = PBXSourcesBuildPhase;
			buildActionMask = 2147483647;
			files = (
				E84C6F39237E492000698A7E /* instagramUITests.swift in Sources */,
			);
			runOnlyForDeploymentPostprocessing = 0;
		};
/* End PBXSourcesBuildPhase section */

/* Begin PBXTargetDependency section */
		E84C6F2B237E492000698A7E /* PBXTargetDependency */ = {
			isa = PBXTargetDependency;
			target = E84C6F12237E491E00698A7E /* instagram */;
			targetProxy = E84C6F2A237E492000698A7E /* PBXContainerItemProxy */;
		};
		E84C6F36237E492000698A7E /* PBXTargetDependency */ = {
			isa = PBXTargetDependency;
			target = E84C6F12237E491E00698A7E /* instagram */;
			targetProxy = E84C6F35237E492000698A7E /* PBXContainerItemProxy */;
		};
/* End PBXTargetDependency section */

/* Begin PBXVariantGroup section */
		E84C6F21237E492000698A7E /* LaunchScreen.storyboard */ = {
			isa = PBXVariantGroup;
			children = (
				E84C6F22237E492000698A7E /* Base */,
			);
			name = LaunchScreen.storyboard;
			sourceTree = "<group>";
		};
/* End PBXVariantGroup section */

/* Begin XCBuildConfiguration section */
		E84C6F3B237E492000698A7E /* Debug */ = {
			isa = XCBuildConfiguration;
			buildSettings = {
				ALWAYS_SEARCH_USER_PATHS = NO;
				CLANG_ANALYZER_NONNULL = YES;
				CLANG_ANALYZER_NUMBER_OBJECT_CONVERSION = YES_AGGRESSIVE;
				CLANG_CXX_LANGUAGE_STANDARD = "gnu++14";
				CLANG_CXX_LIBRARY = "libc++";
				CLANG_ENABLE_MODULES = YES;
				CLANG_ENABLE_OBJC_ARC = YES;
				CLANG_ENABLE_OBJC_WEAK = YES;
				CLANG_WARN_BLOCK_CAPTURE_AUTORELEASING = YES;
				CLANG_WARN_BOOL_CONVERSION = YES;
				CLANG_WARN_COMMA = YES;
				CLANG_WARN_CONSTANT_CONVERSION = YES;
				CLANG_WARN_DEPRECATED_OBJC_IMPLEMENTATIONS = YES;
				CLANG_WARN_DIRECT_OBJC_ISA_USAGE = YES_ERROR;
				CLANG_WARN_DOCUMENTATION_COMMENTS = YES;
				CLANG_WARN_EMPTY_BODY = YES;
				CLANG_WARN_ENUM_CONVERSION = YES;
				CLANG_WARN_INFINITE_RECURSION = YES;
				CLANG_WARN_INT_CONVERSION = YES;
				CLANG_WARN_NON_LITERAL_NULL_CONVERSION = YES;
				CLANG_WARN_OBJC_IMPLICIT_RETAIN_SELF = YES;
				CLANG_WARN_OBJC_LITERAL_CONVERSION = YES;
				CLANG_WARN_OBJC_ROOT_CLASS = YES_ERROR;
				CLANG_WARN_RANGE_LOOP_ANALYSIS = YES;
				CLANG_WARN_STRICT_PROTOTYPES = YES;
				CLANG_WARN_SUSPICIOUS_MOVE = YES;
				CLANG_WARN_UNGUARDED_AVAILABILITY = YES_AGGRESSIVE;
				CLANG_WARN_UNREACHABLE_CODE = YES;
				CLANG_WARN__DUPLICATE_METHOD_MATCH = YES;
				COPY_PHASE_STRIP = NO;
				DEBUG_INFORMATION_FORMAT = dwarf;
				ENABLE_STRICT_OBJC_MSGSEND = YES;
				ENABLE_TESTABILITY = YES;
				GCC_C_LANGUAGE_STANDARD = gnu11;
				GCC_DYNAMIC_NO_PIC = NO;
				GCC_NO_COMMON_BLOCKS = YES;
				GCC_OPTIMIZATION_LEVEL = 0;
				GCC_PREPROCESSOR_DEFINITIONS = (
					"DEBUG=1",
					"$(inherited)",
				);
				GCC_WARN_64_TO_32_BIT_CONVERSION = YES;
				GCC_WARN_ABOUT_RETURN_TYPE = YES_ERROR;
				GCC_WARN_UNDECLARED_SELECTOR = YES;
				GCC_WARN_UNINITIALIZED_AUTOS = YES_AGGRESSIVE;
				GCC_WARN_UNUSED_FUNCTION = YES;
				GCC_WARN_UNUSED_VARIABLE = YES;
				IPHONEOS_DEPLOYMENT_TARGET = 13.2;
				MTL_ENABLE_DEBUG_INFO = INCLUDE_SOURCE;
				MTL_FAST_MATH = YES;
				ONLY_ACTIVE_ARCH = YES;
				SDKROOT = iphoneos;
				SWIFT_ACTIVE_COMPILATION_CONDITIONS = DEBUG;
				SWIFT_OPTIMIZATION_LEVEL = "-Onone";
			};
			name = Debug;
		};
		E84C6F3C237E492000698A7E /* Release */ = {
			isa = XCBuildConfiguration;
			buildSettings = {
				ALWAYS_SEARCH_USER_PATHS = NO;
				CLANG_ANALYZER_NONNULL = YES;
				CLANG_ANALYZER_NUMBER_OBJECT_CONVERSION = YES_AGGRESSIVE;
				CLANG_CXX_LANGUAGE_STANDARD = "gnu++14";
				CLANG_CXX_LIBRARY = "libc++";
				CLANG_ENABLE_MODULES = YES;
				CLANG_ENABLE_OBJC_ARC = YES;
				CLANG_ENABLE_OBJC_WEAK = YES;
				CLANG_WARN_BLOCK_CAPTURE_AUTORELEASING = YES;
				CLANG_WARN_BOOL_CONVERSION = YES;
				CLANG_WARN_COMMA = YES;
				CLANG_WARN_CONSTANT_CONVERSION = YES;
				CLANG_WARN_DEPRECATED_OBJC_IMPLEMENTATIONS = YES;
				CLANG_WARN_DIRECT_OBJC_ISA_USAGE = YES_ERROR;
				CLANG_WARN_DOCUMENTATION_COMMENTS = YES;
				CLANG_WARN_EMPTY_BODY = YES;
				CLANG_WARN_ENUM_CONVERSION = YES;
				CLANG_WARN_INFINITE_RECURSION = YES;
				CLANG_WARN_INT_CONVERSION = YES;
				CLANG_WARN_NON_LITERAL_NULL_CONVERSION = YES;
				CLANG_WARN_OBJC_IMPLICIT_RETAIN_SELF = YES;
				CLANG_WARN_OBJC_LITERAL_CONVERSION = YES;
				CLANG_WARN_OBJC_ROOT_CLASS = YES_ERROR;
				CLANG_WARN_RANGE_LOOP_ANALYSIS = YES;
				CLANG_WARN_STRICT_PROTOTYPES = YES;
				CLANG_WARN_SUSPICIOUS_MOVE = YES;
				CLANG_WARN_UNGUARDED_AVAILABILITY = YES_AGGRESSIVE;
				CLANG_WARN_UNREACHABLE_CODE = YES;
				CLANG_WARN__DUPLICATE_METHOD_MATCH = YES;
				COPY_PHASE_STRIP = NO;
				DEBUG_INFORMATION_FORMAT = "dwarf-with-dsym";
				ENABLE_NS_ASSERTIONS = NO;
				ENABLE_STRICT_OBJC_MSGSEND = YES;
				GCC_C_LANGUAGE_STANDARD = gnu11;
				GCC_NO_COMMON_BLOCKS = YES;
				GCC_WARN_64_TO_32_BIT_CONVERSION = YES;
				GCC_WARN_ABOUT_RETURN_TYPE = YES_ERROR;
				GCC_WARN_UNDECLARED_SELECTOR = YES;
				GCC_WARN_UNINITIALIZED_AUTOS = YES_AGGRESSIVE;
				GCC_WARN_UNUSED_FUNCTION = YES;
				GCC_WARN_UNUSED_VARIABLE = YES;
				IPHONEOS_DEPLOYMENT_TARGET = 13.2;
				MTL_ENABLE_DEBUG_INFO = NO;
				MTL_FAST_MATH = YES;
				SDKROOT = iphoneos;
				SWIFT_COMPILATION_MODE = wholemodule;
				SWIFT_OPTIMIZATION_LEVEL = "-O";
				VALIDATE_PRODUCT = YES;
			};
			name = Release;
		};
		E84C6F3E237E492000698A7E /* Debug */ = {
			isa = XCBuildConfiguration;
			baseConfigurationReference = 91D2E11E4C4150A7760771CD /* Pods-instagram.debug.xcconfig */;
			buildSettings = {
				ASSETCATALOG_COMPILER_APPICON_NAME = AppIcon;
				CODE_SIGN_STYLE = Automatic;
				DEVELOPMENT_ASSET_PATHS = "\"instagram/Preview Content\"";
				DEVELOPMENT_TEAM = ZUV3YWYN43;
				ENABLE_PREVIEWS = YES;
				INFOPLIST_FILE = instagram/Info.plist;
				LD_RUNPATH_SEARCH_PATHS = (
					"$(inherited)",
					"@executable_path/Frameworks",
				);
				PRODUCT_BUNDLE_IDENTIFIER = com.zerotoappstore.instagram;
				PRODUCT_NAME = "$(TARGET_NAME)";
				SWIFT_VERSION = 5.0;
				TARGETED_DEVICE_FAMILY = "1,2";
			};
			name = Debug;
		};
		E84C6F3F237E492000698A7E /* Release */ = {
			isa = XCBuildConfiguration;
			baseConfigurationReference = A91580C541A1045B16FF5BFC /* Pods-instagram.release.xcconfig */;
			buildSettings = {
				ASSETCATALOG_COMPILER_APPICON_NAME = AppIcon;
				CODE_SIGN_STYLE = Automatic;
				DEVELOPMENT_ASSET_PATHS = "\"instagram/Preview Content\"";
				DEVELOPMENT_TEAM = ZUV3YWYN43;
				ENABLE_PREVIEWS = YES;
				INFOPLIST_FILE = instagram/Info.plist;
				LD_RUNPATH_SEARCH_PATHS = (
					"$(inherited)",
					"@executable_path/Frameworks",
				);
				PRODUCT_BUNDLE_IDENTIFIER = com.zerotoappstore.instagram;
				PRODUCT_NAME = "$(TARGET_NAME)";
				SWIFT_VERSION = 5.0;
				TARGETED_DEVICE_FAMILY = "1,2";
			};
			name = Release;
		};
		E84C6F41237E492000698A7E /* Debug */ = {
			isa = XCBuildConfiguration;
			baseConfigurationReference = ADCB2A4194855AC602ACB9BE /* Pods-instagramTests.debug.xcconfig */;
			buildSettings = {
				ALWAYS_EMBED_SWIFT_STANDARD_LIBRARIES = YES;
				BUNDLE_LOADER = "$(TEST_HOST)";
				CODE_SIGN_STYLE = Automatic;
				DEVELOPMENT_TEAM = 38W9R46Q2J;
				INFOPLIST_FILE = instagramTests/Info.plist;
				IPHONEOS_DEPLOYMENT_TARGET = 13.2;
				LD_RUNPATH_SEARCH_PATHS = (
					"$(inherited)",
					"@executable_path/Frameworks",
					"@loader_path/Frameworks",
				);
				PRODUCT_BUNDLE_IDENTIFIER = com.zerotoappstore.instagramTests;
				PRODUCT_NAME = "$(TARGET_NAME)";
				SWIFT_VERSION = 5.0;
				TARGETED_DEVICE_FAMILY = "1,2";
				TEST_HOST = "$(BUILT_PRODUCTS_DIR)/instagram.app/instagram";
			};
			name = Debug;
		};
		E84C6F42237E492000698A7E /* Release */ = {
			isa = XCBuildConfiguration;
			baseConfigurationReference = 10ECA7BD2824593DFCFE6087 /* Pods-instagramTests.release.xcconfig */;
			buildSettings = {
				ALWAYS_EMBED_SWIFT_STANDARD_LIBRARIES = YES;
				BUNDLE_LOADER = "$(TEST_HOST)";
				CODE_SIGN_STYLE = Automatic;
				DEVELOPMENT_TEAM = 38W9R46Q2J;
				INFOPLIST_FILE = instagramTests/Info.plist;
				IPHONEOS_DEPLOYMENT_TARGET = 13.2;
				LD_RUNPATH_SEARCH_PATHS = (
					"$(inherited)",
					"@executable_path/Frameworks",
					"@loader_path/Frameworks",
				);
				PRODUCT_BUNDLE_IDENTIFIER = com.zerotoappstore.instagramTests;
				PRODUCT_NAME = "$(TARGET_NAME)";
				SWIFT_VERSION = 5.0;
				TARGETED_DEVICE_FAMILY = "1,2";
				TEST_HOST = "$(BUILT_PRODUCTS_DIR)/instagram.app/instagram";
			};
			name = Release;
		};
		E84C6F44237E492000698A7E /* Debug */ = {
			isa = XCBuildConfiguration;
			baseConfigurationReference = 12727E6717ECD6DE03464D4A /* Pods-instagram-instagramUITests.debug.xcconfig */;
			buildSettings = {
				ALWAYS_EMBED_SWIFT_STANDARD_LIBRARIES = YES;
				CODE_SIGN_STYLE = Automatic;
				DEVELOPMENT_TEAM = 38W9R46Q2J;
				INFOPLIST_FILE = instagramUITests/Info.plist;
				LD_RUNPATH_SEARCH_PATHS = (
					"$(inherited)",
					"@executable_path/Frameworks",
					"@loader_path/Frameworks",
				);
				PRODUCT_BUNDLE_IDENTIFIER = com.zerotoappstore.instagramUITests;
				PRODUCT_NAME = "$(TARGET_NAME)";
				SWIFT_VERSION = 5.0;
				TARGETED_DEVICE_FAMILY = "1,2";
				TEST_TARGET_NAME = instagram;
			};
			name = Debug;
		};
		E84C6F45237E492000698A7E /* Release */ = {
			isa = XCBuildConfiguration;
			baseConfigurationReference = AF05CEF8F83166CDBCAF1942 /* Pods-instagram-instagramUITests.release.xcconfig */;
			buildSettings = {
				ALWAYS_EMBED_SWIFT_STANDARD_LIBRARIES = YES;
				CODE_SIGN_STYLE = Automatic;
				DEVELOPMENT_TEAM = 38W9R46Q2J;
				INFOPLIST_FILE = instagramUITests/Info.plist;
				LD_RUNPATH_SEARCH_PATHS = (
					"$(inherited)",
					"@executable_path/Frameworks",
					"@loader_path/Frameworks",
				);
				PRODUCT_BUNDLE_IDENTIFIER = com.zerotoappstore.instagramUITests;
				PRODUCT_NAME = "$(TARGET_NAME)";
				SWIFT_VERSION = 5.0;
				TARGETED_DEVICE_FAMILY = "1,2";
				TEST_TARGET_NAME = instagram;
			};
			name = Release;
		};
/* End XCBuildConfiguration section */

/* Begin XCConfigurationList section */
		E84C6F0E237E491E00698A7E /* Build configuration list for PBXProject "instagram" */ = {
			isa = XCConfigurationList;
			buildConfigurations = (
				E84C6F3B237E492000698A7E /* Debug */,
				E84C6F3C237E492000698A7E /* Release */,
			);
			defaultConfigurationIsVisible = 0;
			defaultConfigurationName = Release;
		};
		E84C6F3D237E492000698A7E /* Build configuration list for PBXNativeTarget "instagram" */ = {
			isa = XCConfigurationList;
			buildConfigurations = (
				E84C6F3E237E492000698A7E /* Debug */,
				E84C6F3F237E492000698A7E /* Release */,
			);
			defaultConfigurationIsVisible = 0;
			defaultConfigurationName = Release;
		};
		E84C6F40237E492000698A7E /* Build configuration list for PBXNativeTarget "instagramTests" */ = {
			isa = XCConfigurationList;
			buildConfigurations = (
				E84C6F41237E492000698A7E /* Debug */,
				E84C6F42237E492000698A7E /* Release */,
			);
			defaultConfigurationIsVisible = 0;
			defaultConfigurationName = Release;
		};
		E84C6F43237E492000698A7E /* Build configuration list for PBXNativeTarget "instagramUITests" */ = {
			isa = XCConfigurationList;
			buildConfigurations = (
				E84C6F44237E492000698A7E /* Debug */,
				E84C6F45237E492000698A7E /* Release */,
			);
			defaultConfigurationIsVisible = 0;
			defaultConfigurationName = Release;
		};
/* End XCConfigurationList section */
	};
	rootObject = E84C6F0B237E491E00698A7E /* Project object */;
}
